
Microsoft Visual Studio Solution File, Format Version 12.00
# Visual Studio Version 16
VisualStudioVersion = 16.0.29609.76
MinimumVisualStudioVersion = 10.0.40219.1
Project("{FAE04EC0-301F-11D3-BF4B-00C04F79EFBC}") = "Kanban.Database", "Kanban.Database\Kanban.Database.csproj", "{52C1391D-776C-4F2E-8C4C-360BFCFEA5FA}"
EndProject
Project("{9A19103F-16F7-4668-BE54-9A1E7A4F7556}") = "Kanban.Api", "Kanban.Api\Kanban.Api.csproj", "{2B04C3B2-0D57-4271-A469-C916F19BF971}"
EndProject
Project("{FAE04EC0-301F-11D3-BF4B-00C04F79EFBC}") = "Kanban.Domain", "Kanban.Domain\Kanban.Domain.csproj", "{05ABCB2A-0274-4FCA-95B8-AB317BA888FF}"
EndProject
Global
	GlobalSection(SolutionConfigurationPlatforms) = preSolution
		Debug|Any CPU = Debug|Any CPU
		Release|Any CPU = Release|Any CPU
	EndGlobalSection
	GlobalSection(ProjectConfigurationPlatforms) = postSolution
		{52C1391D-776C-4F2E-8C4C-360BFCFEA5FA}.Debug|Any CPU.ActiveCfg = Debug|Any CPU
		{52C1391D-776C-4F2E-8C4C-360BFCFEA5FA}.Debug|Any CPU.Build.0 = Debug|Any CPU
		{52C1391D-776C-4F2E-8C4C-360BFCFEA5FA}.Release|Any CPU.ActiveCfg = Release|Any CPU
		{52C1391D-776C-4F2E-8C4C-360BFCFEA5FA}.Release|Any CPU.Build.0 = Release|Any CPU
		{2B04C3B2-0D57-4271-A469-C916F19BF971}.Debug|Any CPU.ActiveCfg = Debug|Any CPU
		{2B04C3B2-0D57-4271-A469-C916F19BF971}.Debug|Any CPU.Build.0 = Debug|Any CPU
		{2B04C3B2-0D57-4271-A469-C916F19BF971}.Release|Any CPU.ActiveCfg = Release|Any CPU
		{2B04C3B2-0D57-4271-A469-C916F19BF971}.Release|Any CPU.Build.0 = Release|Any CPU
		{05ABCB2A-0274-4FCA-95B8-AB317BA888FF}.Debug|Any CPU.ActiveCfg = Debug|Any CPU
		{05ABCB2A-0274-4FCA-95B8-AB317BA888FF}.Debug|Any CPU.Build.0 = Debug|Any CPU
		{05ABCB2A-0274-4FCA-95B8-AB317BA888FF}.Release|Any CPU.ActiveCfg = Release|Any CPU
		{05ABCB2A-0274-4FCA-95B8-AB317BA888FF}.Release|Any CPU.Build.0 = Release|Any CPU
	EndGlobalSection
	GlobalSection(SolutionProperties) = preSolution
		HideSolutionNode = FALSE
	EndGlobalSection
	GlobalSection(ExtensibilityGlobals) = postSolution
		SolutionGuid = {DE9B9CE1-1F2F-4668-929E-EE919270D221}
	EndGlobalSection
EndGlobal
